// !$*UTF8*$!
{
	archiveVersion = 1;
	classes = {
	};
	objectVersion = 56;
	objects = {

/* Begin PBXBuildFile section */
		73CC920528E91B8400F6A390 /* DyeEyeApp.swift in Sources */ = {isa = PBXBuildFile; fileRef = 73CC920428E91B8400F6A390 /* DyeEyeApp.swift */; };
		73CC920928E91B8600F6A390 /* Assets.xcassets in Resources */ = {isa = PBXBuildFile; fileRef = 73CC920828E91B8600F6A390 /* Assets.xcassets */; };
		73CC921A28E91D7E00F6A390 /* WidgetKit.framework in Frameworks */ = {isa = PBXBuildFile; fileRef = 73CC921928E91D7E00F6A390 /* WidgetKit.framework */; };
		73CC921C28E91D7E00F6A390 /* SwiftUI.framework in Frameworks */ = {isa = PBXBuildFile; fileRef = 73CC921B28E91D7E00F6A390 /* SwiftUI.framework */; };
		73CC921F28E91D7E00F6A390 /* Bundle.swift in Sources */ = {isa = PBXBuildFile; fileRef = 73CC921E28E91D7E00F6A390 /* Bundle.swift */; };
		73CC922628E91D8000F6A390 /* Assets.xcassets in Resources */ = {isa = PBXBuildFile; fileRef = 73CC922528E91D8000F6A390 /* Assets.xcassets */; };
		73CC922828E91D8000F6A390 /* DyeEyeWyg.intentdefinition in Sources */ = {isa = PBXBuildFile; fileRef = 73CC922428E91D7F00F6A390 /* DyeEyeWyg.intentdefinition */; };
		73CC922928E91D8000F6A390 /* DyeEyeWyg.intentdefinition in Sources */ = {isa = PBXBuildFile; fileRef = 73CC922428E91D7F00F6A390 /* DyeEyeWyg.intentdefinition */; };
		73CC922C28E91D8000F6A390 /* DyeEyeWygExtension.appex in Embed Foundation Extensions */ = {isa = PBXBuildFile; fileRef = 73CC921728E91D7E00F6A390 /* DyeEyeWygExtension.appex */; settings = {ATTRIBUTES = (RemoveHeadersOnCopy, ); }; };
		73CC923428E929AB00F6A390 /* WygShared in Frameworks */ = {isa = PBXBuildFile; productRef = 73CC923328E929AB00F6A390 /* WygShared */; };
		73CC923628E929B000F6A390 /* WygShared in Frameworks */ = {isa = PBXBuildFile; productRef = 73CC923528E929B000F6A390 /* WygShared */; };
/* End PBXBuildFile section */

/* Begin PBXContainerItemProxy section */
		73CC922A28E91D8000F6A390 /* PBXContainerItemProxy */ = {
			isa = PBXContainerItemProxy;
			containerPortal = 73CC91F928E91B8400F6A390 /* Project object */;
			proxyType = 1;
			remoteGlobalIDString = 73CC921628E91D7E00F6A390;
			remoteInfo = DyeEyeWygExtension;
		};
/* End PBXContainerItemProxy section */

/* Begin PBXCopyFilesBuildPhase section */
		73CC923028E91D8000F6A390 /* Embed Foundation Extensions */ = {
			isa = PBXCopyFilesBuildPhase;
			buildActionMask = 2147483647;
			dstPath = "";
			dstSubfolderSpec = 13;
			files = (
				73CC922C28E91D8000F6A390 /* DyeEyeWygExtension.appex in Embed Foundation Extensions */,
			);
			name = "Embed Foundation Extensions";
			runOnlyForDeploymentPostprocessing = 0;
		};
/* End PBXCopyFilesBuildPhase section */

/* Begin PBXFileReference section */
		73CC920128E91B8400F6A390 /* DyeEye.app */ = {isa = PBXFileReference; explicitFileType = wrapper.application; includeInIndex = 0; path = DyeEye.app; sourceTree = BUILT_PRODUCTS_DIR; };
		73CC920428E91B8400F6A390 /* DyeEyeApp.swift */ = {isa = PBXFileReference; lastKnownFileType = sourcecode.swift; path = DyeEyeApp.swift; sourceTree = "<group>"; };
		73CC920828E91B8600F6A390 /* Assets.xcassets */ = {isa = PBXFileReference; lastKnownFileType = folder.assetcatalog; path = Assets.xcassets; sourceTree = "<group>"; };
		73CC921228E91D0C00F6A390 /* Info.plist */ = {isa = PBXFileReference; lastKnownFileType = text.plist; path = Info.plist; sourceTree = "<group>"; };
		73CC921728E91D7E00F6A390 /* DyeEyeWygExtension.appex */ = {isa = PBXFileReference; explicitFileType = "wrapper.app-extension"; includeInIndex = 0; path = DyeEyeWygExtension.appex; sourceTree = BUILT_PRODUCTS_DIR; };
		73CC921928E91D7E00F6A390 /* WidgetKit.framework */ = {isa = PBXFileReference; lastKnownFileType = wrapper.framework; name = WidgetKit.framework; path = System/Library/Frameworks/WidgetKit.framework; sourceTree = SDKROOT; };
		73CC921B28E91D7E00F6A390 /* SwiftUI.framework */ = {isa = PBXFileReference; lastKnownFileType = wrapper.framework; name = SwiftUI.framework; path = System/Library/Frameworks/SwiftUI.framework; sourceTree = SDKROOT; };
		73CC921E28E91D7E00F6A390 /* Bundle.swift */ = {isa = PBXFileReference; lastKnownFileType = sourcecode.swift; path = Bundle.swift; sourceTree = "<group>"; };
		73CC922428E91D7F00F6A390 /* DyeEyeWyg.intentdefinition */ = {isa = PBXFileReference; lastKnownFileType = file.intentdefinition; path = DyeEyeWyg.intentdefinition; sourceTree = "<group>"; };
		73CC922528E91D8000F6A390 /* Assets.xcassets */ = {isa = PBXFileReference; lastKnownFileType = folder.assetcatalog; path = Assets.xcassets; sourceTree = "<group>"; };
		73CC922728E91D8000F6A390 /* Info.plist */ = {isa = PBXFileReference; lastKnownFileType = text.plist.xml; path = Info.plist; sourceTree = "<group>"; };
		73CC923228E928D600F6A390 /* WygShared */ = {isa = PBXFileReference; lastKnownFileType = text; path = WygShared; sourceTree = SOURCE_ROOT; };
		73CC923728E93D5600F6A390 /* DyeEye.entitlements */ = {isa = PBXFileReference; lastKnownFileType = text.plist.entitlements; path = DyeEye.entitlements; sourceTree = "<group>"; };
		73CC923828EF01C200F6A390 /* DyeEyeWygExtension.entitlements */ = {isa = PBXFileReference; lastKnownFileType = text.plist.entitlements; path = DyeEyeWygExtension.entitlements; sourceTree = "<group>"; };
/* End PBXFileReference section */

/* Begin PBXFrameworksBuildPhase section */
		73CC91FE28E91B8400F6A390 /* Frameworks */ = {
			isa = PBXFrameworksBuildPhase;
			buildActionMask = 2147483647;
			files = (
				73CC923428E929AB00F6A390 /* WygShared in Frameworks */,
			);
			runOnlyForDeploymentPostprocessing = 0;
		};
		73CC921428E91D7E00F6A390 /* Frameworks */ = {
			isa = PBXFrameworksBuildPhase;
			buildActionMask = 2147483647;
			files = (
				73CC921C28E91D7E00F6A390 /* SwiftUI.framework in Frameworks */,
				73CC921A28E91D7E00F6A390 /* WidgetKit.framework in Frameworks */,
				73CC923628E929B000F6A390 /* WygShared in Frameworks */,
			);
			runOnlyForDeploymentPostprocessing = 0;
		};
/* End PBXFrameworksBuildPhase section */

/* Begin PBXGroup section */
		73CC91F828E91B8400F6A390 = {
			isa = PBXGroup;
			children = (
				73CC923828EF01C200F6A390 /* DyeEyeWygExtension.entitlements */,
				73CC920328E91B8400F6A390 /* DyeEye */,
				73CC921D28E91D7E00F6A390 /* DyeEyeWyg */,
				73CC923228E928D600F6A390 /* WygShared */,
				73CC921828E91D7E00F6A390 /* Frameworks */,
				73CC920228E91B8400F6A390 /* Products */,
			);
			sourceTree = "<group>";
		};
		73CC920228E91B8400F6A390 /* Products */ = {
			isa = PBXGroup;
			children = (
				73CC920128E91B8400F6A390 /* DyeEye.app */,
				73CC921728E91D7E00F6A390 /* DyeEyeWygExtension.appex */,
			);
			name = Products;
			sourceTree = "<group>";
		};
		73CC920328E91B8400F6A390 /* DyeEye */ = {
			isa = PBXGroup;
			children = (
				73CC923728E93D5600F6A390 /* DyeEye.entitlements */,
				73CC921228E91D0C00F6A390 /* Info.plist */,
				73CC920428E91B8400F6A390 /* DyeEyeApp.swift */,
				73CC920828E91B8600F6A390 /* Assets.xcassets */,
			);
			path = DyeEye;
			sourceTree = "<group>";
		};
		73CC921828E91D7E00F6A390 /* Frameworks */ = {
			isa = PBXGroup;
			children = (
				73CC921928E91D7E00F6A390 /* WidgetKit.framework */,
				73CC921B28E91D7E00F6A390 /* SwiftUI.framework */,
			);
			name = Frameworks;
			sourceTree = "<group>";
		};
		73CC921D28E91D7E00F6A390 /* DyeEyeWyg */ = {
			isa = PBXGroup;
			children = (
				73CC921E28E91D7E00F6A390 /* Bundle.swift */,
				73CC922428E91D7F00F6A390 /* DyeEyeWyg.intentdefinition */,
				73CC922528E91D8000F6A390 /* Assets.xcassets */,
				73CC922728E91D8000F6A390 /* Info.plist */,
			);
			path = DyeEyeWyg;
			sourceTree = "<group>";
		};
/* End PBXGroup section */

/* Begin PBXNativeTarget section */
		73CC920028E91B8400F6A390 /* DyeEye */ = {
			isa = PBXNativeTarget;
			buildConfigurationList = 73CC920F28E91B8600F6A390 /* Build configuration list for PBXNativeTarget "DyeEye" */;
			buildPhases = (
				73CC91FD28E91B8400F6A390 /* Sources */,
				73CC91FE28E91B8400F6A390 /* Frameworks */,
				73CC91FF28E91B8400F6A390 /* Resources */,
				73CC923028E91D8000F6A390 /* Embed Foundation Extensions */,
			);
			buildRules = (
			);
			dependencies = (
				73CC922B28E91D8000F6A390 /* PBXTargetDependency */,
			);
			name = DyeEye;
			packageProductDependencies = (
				73CC923328E929AB00F6A390 /* WygShared */,
			);
			productName = DyeEye;
			productReference = 73CC920128E91B8400F6A390 /* DyeEye.app */;
			productType = "com.apple.product-type.application";
		};
		73CC921628E91D7E00F6A390 /* DyeEyeWygExtension */ = {
			isa = PBXNativeTarget;
			buildConfigurationList = 73CC922D28E91D8000F6A390 /* Build configuration list for PBXNativeTarget "DyeEyeWygExtension" */;
			buildPhases = (
				73CC921328E91D7E00F6A390 /* Sources */,
				73CC921428E91D7E00F6A390 /* Frameworks */,
				73CC921528E91D7E00F6A390 /* Resources */,
			);
			buildRules = (
			);
			dependencies = (
			);
			name = DyeEyeWygExtension;
			packageProductDependencies = (
				73CC923528E929B000F6A390 /* WygShared */,
			);
			productName = DyeEyeWygExtension;
			productReference = 73CC921728E91D7E00F6A390 /* DyeEyeWygExtension.appex */;
			productType = "com.apple.product-type.app-extension";
		};
/* End PBXNativeTarget section */

/* Begin PBXProject section */
		73CC91F928E91B8400F6A390 /* Project object */ = {
			isa = PBXProject;
			attributes = {
				BuildIndependentTargetsInParallel = 1;
				LastSwiftUpdateCheck = 1410;
				LastUpgradeCheck = 1410;
				TargetAttributes = {
					73CC920028E91B8400F6A390 = {
						CreatedOnToolsVersion = 14.1;
					};
					73CC921628E91D7E00F6A390 = {
						CreatedOnToolsVersion = 14.1;
					};
				};
			};
			buildConfigurationList = 73CC91FC28E91B8400F6A390 /* Build configuration list for PBXProject "DyeEye" */;
			compatibilityVersion = "Xcode 14.0";
			developmentRegion = en;
			hasScannedForEncodings = 0;
			knownRegions = (
				en,
				Base,
			);
			mainGroup = 73CC91F828E91B8400F6A390;
			productRefGroup = 73CC920228E91B8400F6A390 /* Products */;
			projectDirPath = "";
			projectRoot = "";
			targets = (
				73CC920028E91B8400F6A390 /* DyeEye */,
				73CC921628E91D7E00F6A390 /* DyeEyeWygExtension */,
			);
		};
/* End PBXProject section */

/* Begin PBXResourcesBuildPhase section */
		73CC91FF28E91B8400F6A390 /* Resources */ = {
			isa = PBXResourcesBuildPhase;
			buildActionMask = 2147483647;
			files = (
				73CC920928E91B8600F6A390 /* Assets.xcassets in Resources */,
			);
			runOnlyForDeploymentPostprocessing = 0;
		};
		73CC921528E91D7E00F6A390 /* Resources */ = {
			isa = PBXResourcesBuildPhase;
			buildActionMask = 2147483647;
			files = (
				73CC922628E91D8000F6A390 /* Assets.xcassets in Resources */,
			);
			runOnlyForDeploymentPostprocessing = 0;
		};
/* End PBXResourcesBuildPhase section */

/* Begin PBXSourcesBuildPhase section */
		73CC91FD28E91B8400F6A390 /* Sources */ = {
			isa = PBXSourcesBuildPhase;
			buildActionMask = 2147483647;
			files = (
				73CC922928E91D8000F6A390 /* DyeEyeWyg.intentdefinition in Sources */,
				73CC920528E91B8400F6A390 /* DyeEyeApp.swift in Sources */,
			);
			runOnlyForDeploymentPostprocessing = 0;
		};
		73CC921328E91D7E00F6A390 /* Sources */ = {
			isa = PBXSourcesBuildPhase;
			buildActionMask = 2147483647;
			files = (
				73CC921F28E91D7E00F6A390 /* Bundle.swift in Sources */,
				73CC922828E91D8000F6A390 /* DyeEyeWyg.intentdefinition in Sources */,
			);
			runOnlyForDeploymentPostprocessing = 0;
		};
/* End PBXSourcesBuildPhase section */

/* Begin PBXTargetDependency section */
		73CC922B28E91D8000F6A390 /* PBXTargetDependency */ = {
			isa = PBXTargetDependency;
			target = 73CC921628E91D7E00F6A390 /* DyeEyeWygExtension */;
			targetProxy = 73CC922A28E91D8000F6A390 /* PBXContainerItemProxy */;
		};
/* End PBXTargetDependency section */

/* Begin XCBuildConfiguration section */
		73CC920D28E91B8600F6A390 /* Debug */ = {
			isa = XCBuildConfiguration;
			buildSettings = {
				ALWAYS_SEARCH_USER_PATHS = NO;
				CLANG_ANALYZER_NONNULL = YES;
				CLANG_ANALYZER_NUMBER_OBJECT_CONVERSION = YES_AGGRESSIVE;
				CLANG_CXX_LANGUAGE_STANDARD = "gnu++20";
				CLANG_ENABLE_MODULES = YES;
				CLANG_ENABLE_OBJC_ARC = YES;
				CLANG_ENABLE_OBJC_WEAK = YES;
				CLANG_WARN_BLOCK_CAPTURE_AUTORELEASING = YES;
				CLANG_WARN_BOOL_CONVERSION = YES;
				CLANG_WARN_COMMA = YES;
				CLANG_WARN_CONSTANT_CONVERSION = YES;
				CLANG_WARN_DEPRECATED_OBJC_IMPLEMENTATIONS = YES;
				CLANG_WARN_DIRECT_OBJC_ISA_USAGE = YES_ERROR;
				CLANG_WARN_DOCUMENTATION_COMMENTS = YES;
				CLANG_WARN_EMPTY_BODY = YES;
				CLANG_WARN_ENUM_CONVERSION = YES;
				CLANG_WARN_INFINITE_RECURSION = YES;
				CLANG_WARN_INT_CONVERSION = YES;
				CLANG_WARN_NON_LITERAL_NULL_CONVERSION = YES;
				CLANG_WARN_OBJC_IMPLICIT_RETAIN_SELF = YES;
				CLANG_WARN_OBJC_LITERAL_CONVERSION = YES;
				CLANG_WARN_OBJC_ROOT_CLASS = YES_ERROR;
				CLANG_WARN_QUOTED_INCLUDE_IN_FRAMEWORK_HEADER = YES;
				CLANG_WARN_RANGE_LOOP_ANALYSIS = YES;
				CLANG_WARN_STRICT_PROTOTYPES = YES;
				CLANG_WARN_SUSPICIOUS_MOVE = YES;
				CLANG_WARN_UNGUARDED_AVAILABILITY = YES_AGGRESSIVE;
				CLANG_WARN_UNREACHABLE_CODE = YES;
				CLANG_WARN__DUPLICATE_METHOD_MATCH = YES;
				COPY_PHASE_STRIP = NO;
				DEBUG_INFORMATION_FORMAT = dwarf;
				ENABLE_STRICT_OBJC_MSGSEND = YES;
				ENABLE_TESTABILITY = YES;
				GCC_C_LANGUAGE_STANDARD = gnu11;
				GCC_DYNAMIC_NO_PIC = NO;
				GCC_NO_COMMON_BLOCKS = YES;
				GCC_OPTIMIZATION_LEVEL = 0;
				GCC_PREPROCESSOR_DEFINITIONS = (
					"DEBUG=1",
					"$(inherited)",
				);
				GCC_WARN_64_TO_32_BIT_CONVERSION = YES;
				GCC_WARN_ABOUT_RETURN_TYPE = YES_ERROR;
				GCC_WARN_UNDECLARED_SELECTOR = YES;
				GCC_WARN_UNINITIALIZED_AUTOS = YES_AGGRESSIVE;
				GCC_WARN_UNUSED_FUNCTION = YES;
				GCC_WARN_UNUSED_VARIABLE = YES;
				IPHONEOS_DEPLOYMENT_TARGET = 16.1;
				MTL_ENABLE_DEBUG_INFO = INCLUDE_SOURCE;
				MTL_FAST_MATH = YES;
				ONLY_ACTIVE_ARCH = YES;
				SDKROOT = iphoneos;
				SWIFT_ACTIVE_COMPILATION_CONDITIONS = DEBUG;
				SWIFT_OPTIMIZATION_LEVEL = "-Onone";
			};
			name = Debug;
		};
		73CC920E28E91B8600F6A390 /* Release */ = {
			isa = XCBuildConfiguration;
			buildSettings = {
				ALWAYS_SEARCH_USER_PATHS = NO;
				CLANG_ANALYZER_NONNULL = YES;
				CLANG_ANALYZER_NUMBER_OBJECT_CONVERSION = YES_AGGRESSIVE;
				CLANG_CXX_LANGUAGE_STANDARD = "gnu++20";
				CLANG_ENABLE_MODULES = YES;
				CLANG_ENABLE_OBJC_ARC = YES;
				CLANG_ENABLE_OBJC_WEAK = YES;
				CLANG_WARN_BLOCK_CAPTURE_AUTORELEASING = YES;
				CLANG_WARN_BOOL_CONVERSION = YES;
				CLANG_WARN_COMMA = YES;
				CLANG_WARN_CONSTANT_CONVERSION = YES;
				CLANG_WARN_DEPRECATED_OBJC_IMPLEMENTATIONS = YES;
				CLANG_WARN_DIRECT_OBJC_ISA_USAGE = YES_ERROR;
				CLANG_WARN_DOCUMENTATION_COMMENTS = YES;
				CLANG_WARN_EMPTY_BODY = YES;
				CLANG_WARN_ENUM_CONVERSION = YES;
				CLANG_WARN_INFINITE_RECURSION = YES;
				CLANG_WARN_INT_CONVERSION = YES;
				CLANG_WARN_NON_LITERAL_NULL_CONVERSION = YES;
				CLANG_WARN_OBJC_IMPLICIT_RETAIN_SELF = YES;
				CLANG_WARN_OBJC_LITERAL_CONVERSION = YES;
				CLANG_WARN_OBJC_ROOT_CLASS = YES_ERROR;
				CLANG_WARN_QUOTED_INCLUDE_IN_FRAMEWORK_HEADER = YES;
				CLANG_WARN_RANGE_LOOP_ANALYSIS = YES;
				CLANG_WARN_STRICT_PROTOTYPES = YES;
				CLANG_WARN_SUSPICIOUS_MOVE = YES;
				CLANG_WARN_UNGUARDED_AVAILABILITY = YES_AGGRESSIVE;
				CLANG_WARN_UNREACHABLE_CODE = YES;
				CLANG_WARN__DUPLICATE_METHOD_MATCH = YES;
				COPY_PHASE_STRIP = NO;
				DEBUG_INFORMATION_FORMAT = "dwarf-with-dsym";
				ENABLE_NS_ASSERTIONS = NO;
				ENABLE_STRICT_OBJC_MSGSEND = YES;
				GCC_C_LANGUAGE_STANDARD = gnu11;
				GCC_NO_COMMON_BLOCKS = YES;
				GCC_WARN_64_TO_32_BIT_CONVERSION = YES;
				GCC_WARN_ABOUT_RETURN_TYPE = YES_ERROR;
				GCC_WARN_UNDECLARED_SELECTOR = YES;
				GCC_WARN_UNINITIALIZED_AUTOS = YES_AGGRESSIVE;
				GCC_WARN_UNUSED_FUNCTION = YES;
				GCC_WARN_UNUSED_VARIABLE = YES;
				IPHONEOS_DEPLOYMENT_TARGET = 16.1;
				MTL_ENABLE_DEBUG_INFO = NO;
				MTL_FAST_MATH = YES;
				SDKROOT = iphoneos;
				SWIFT_COMPILATION_MODE = wholemodule;
				SWIFT_OPTIMIZATION_LEVEL = "-O";
				VALIDATE_PRODUCT = YES;
			};
			name = Release;
		};
		73CC921028E91B8600F6A390 /* Debug */ = {
			isa = XCBuildConfiguration;
			buildSettings = {
				ALWAYS_EMBED_SWIFT_STANDARD_LIBRARIES = YES;
				ASSETCATALOG_COMPILER_APPICON_NAME = AppIcon;
				ASSETCATALOG_COMPILER_GLOBAL_ACCENT_COLOR_NAME = AccentColor;
				CODE_SIGN_ENTITLEMENTS = DyeEye/DyeEye.entitlements;
				CODE_SIGN_STYLE = Automatic;
				CURRENT_PROJECT_VERSION = 1;
				DEVELOPMENT_ASSET_PATHS = "";
				DEVELOPMENT_TEAM = V6ESYGU6CV;
				ENABLE_PREVIEWS = YES;
				GENERATE_INFOPLIST_FILE = YES;
				INFOPLIST_FILE = DyeEye/Info.plist;
				INFOPLIST_KEY_NSSupportsLiveActivities = YES;
				INFOPLIST_KEY_UIApplicationSceneManifest_Generation = YES;
				INFOPLIST_KEY_UIApplicationSupportsIndirectInputEvents = YES;
				INFOPLIST_KEY_UILaunchScreen_Generation = YES;
				INFOPLIST_KEY_UISupportedInterfaceOrientations_iPad = "UIInterfaceOrientationPortrait UIInterfaceOrientationPortraitUpsideDown UIInterfaceOrientationLandscapeLeft UIInterfaceOrientationLandscapeRight";
				INFOPLIST_KEY_UISupportedInterfaceOrientations_iPhone = "UIInterfaceOrientationPortrait UIInterfaceOrientationLandscapeLeft UIInterfaceOrientationLandscapeRight";
				LD_RUNPATH_SEARCH_PATHS = (
					"$(inherited)",
					"@executable_path/Frameworks",
				);
				MARKETING_VERSION = 1.0;
				PRODUCT_BUNDLE_IDENTIFIER = com.saturdayapps.DyeEye;
				PRODUCT_NAME = "$(TARGET_NAME)";
				SWIFT_EMIT_LOC_STRINGS = YES;
				SWIFT_VERSION = 5.0;
				TARGETED_DEVICE_FAMILY = "1,2";
			};
			name = Debug;
		};
		73CC921128E91B8600F6A390 /* Release */ = {
			isa = XCBuildConfiguration;
			buildSettings = {
				ALWAYS_EMBED_SWIFT_STANDARD_LIBRARIES = YES;
				ASSETCATALOG_COMPILER_APPICON_NAME = AppIcon;
				ASSETCATALOG_COMPILER_GLOBAL_ACCENT_COLOR_NAME = AccentColor;
				CODE_SIGN_ENTITLEMENTS = DyeEye/DyeEye.entitlements;
				CODE_SIGN_STYLE = Automatic;
				CURRENT_PROJECT_VERSION = 1;
				DEVELOPMENT_ASSET_PATHS = "";
				DEVELOPMENT_TEAM = V6ESYGU6CV;
				ENABLE_PREVIEWS = YES;
				GENERATE_INFOPLIST_FILE = YES;
				INFOPLIST_FILE = DyeEye/Info.plist;
				INFOPLIST_KEY_NSSupportsLiveActivities = YES;
				INFOPLIST_KEY_UIApplicationSceneManifest_Generation = YES;
				INFOPLIST_KEY_UIApplicationSupportsIndirectInputEvents = YES;
				INFOPLIST_KEY_UILaunchScreen_Generation = YES;
				INFOPLIST_KEY_UISupportedInterfaceOrientations_iPad = "UIInterfaceOrientationPortrait UIInterfaceOrientationPortraitUpsideDown UIInterfaceOrientationLandscapeLeft UIInterfaceOrientationLandscapeRight";
				INFOPLIST_KEY_UISupportedInterfaceOrientations_iPhone = "UIInterfaceOrientationPortrait UIInterfaceOrientationLandscapeLeft UIInterfaceOrientationLandscapeRight";
				LD_RUNPATH_SEARCH_PATHS = (
					"$(inherited)",
					"@executable_path/Frameworks",
				);
				MARKETING_VERSION = 1.0;
				PRODUCT_BUNDLE_IDENTIFIER = com.saturdayapps.DyeEye;
				PRODUCT_NAME = "$(TARGET_NAME)";
				SWIFT_EMIT_LOC_STRINGS = YES;
				SWIFT_VERSION = 5.0;
				TARGETED_DEVICE_FAMILY = "1,2";
			};
			name = Release;
		};
		73CC922E28E91D8000F6A390 /* Debug */ = {
			isa = XCBuildConfiguration;
			buildSettings = {
				ASSETCATALOG_COMPILER_GLOBAL_ACCENT_COLOR_NAME = AccentColor;
				ASSETCATALOG_COMPILER_WIDGET_BACKGROUND_COLOR_NAME = WidgetBackground;
				CODE_SIGN_ENTITLEMENTS = DyeEyeWygExtension.entitlements;
				CODE_SIGN_STYLE = Automatic;
				CURRENT_PROJECT_VERSION = 1;
				DEVELOPMENT_TEAM = V6ESYGU6CV;
				GENERATE_INFOPLIST_FILE = YES;
				INFOPLIST_FILE = DyeEyeWyg/Info.plist;
				INFOPLIST_KEY_CFBundleDisplayName = DyeEyeWyg;
				INFOPLIST_KEY_NSHumanReadableCopyright = "";
				LD_RUNPATH_SEARCH_PATHS = (
					"$(inherited)",
					"@executable_path/Frameworks",
					"@executable_path/../../Frameworks",
				);
				MARKETING_VERSION = 1.0;
				PRODUCT_BUNDLE_IDENTIFIER = com.saturdayapps.DyeEye.DyeEyeWyg;
				PRODUCT_NAME = "$(TARGET_NAME)";
				SKIP_INSTALL = YES;
				SWIFT_EMIT_LOC_STRINGS = YES;
				SWIFT_VERSION = 5.0;
				TARGETED_DEVICE_FAMILY = "1,2";
			};
			name = Debug;
		};
		73CC922F28E91D8000F6A390 /* Release */ = {
			isa = XCBuildConfiguration;
			buildSettings = {
				ASSETCATALOG_COMPILER_GLOBAL_ACCENT_COLOR_NAME = AccentColor;
				ASSETCATALOG_COMPILER_WIDGET_BACKGROUND_COLOR_NAME = WidgetBackground;
				CODE_SIGN_ENTITLEMENTS = DyeEyeWygExtension.entitlements;
				CODE_SIGN_STYLE = Automatic;
				CURRENT_PROJECT_VERSION = 1;
				DEVELOPMENT_TEAM = V6ESYGU6CV;
				GENERATE_INFOPLIST_FILE = YES;
				INFOPLIST_FILE = DyeEyeWyg/Info.plist;
				INFOPLIST_KEY_CFBundleDisplayName = DyeEyeWyg;
				INFOPLIST_KEY_NSHumanReadableCopyright = "";
				LD_RUNPATH_SEARCH_PATHS = (
					"$(inherited)",
					"@executable_path/Frameworks",
					"@executable_path/../../Frameworks",
				);
				MARKETING_VERSION = 1.0;
				PRODUCT_BUNDLE_IDENTIFIER = com.saturdayapps.DyeEye.DyeEyeWyg;
				PRODUCT_NAME = "$(TARGET_NAME)";
				SKIP_INSTALL = YES;
				SWIFT_EMIT_LOC_STRINGS = YES;
				SWIFT_VERSION = 5.0;
				TARGETED_DEVICE_FAMILY = "1,2";
			};
			name = Release;
		};
/* End XCBuildConfiguration section */

/* Begin XCConfigurationList section */
		73CC91FC28E91B8400F6A390 /* Build configuration list for PBXProject "DyeEye" */ = {
			isa = XCConfigurationList;
			buildConfigurations = (
				73CC920D28E91B8600F6A390 /* Debug */,
				73CC920E28E91B8600F6A390 /* Release */,
			);
			defaultConfigurationIsVisible = 0;
			defaultConfigurationName = Release;
		};
		73CC920F28E91B8600F6A390 /* Build configuration list for PBXNativeTarget "DyeEye" */ = {
			isa = XCConfigurationList;
			buildConfigurations = (
				73CC921028E91B8600F6A390 /* Debug */,
				73CC921128E91B8600F6A390 /* Release */,
			);
			defaultConfigurationIsVisible = 0;
			defaultConfigurationName = Release;
		};
		73CC922D28E91D8000F6A390 /* Build configuration list for PBXNativeTarget "DyeEyeWygExtension" */ = {
			isa = XCConfigurationList;
			buildConfigurations = (
				73CC922E28E91D8000F6A390 /* Debug */,
				73CC922F28E91D8000F6A390 /* Release */,
			);
			defaultConfigurationIsVisible = 0;
			defaultConfigurationName = Release;
		};
/* End XCConfigurationList section */

/* Begin XCSwiftPackageProductDependency section */
		73CC923328E929AB00F6A390 /* WygShared */ = {
			isa = XCSwiftPackageProductDependency;
			productName = WygShared;
		};
		73CC923528E929B000F6A390 /* WygShared */ = {
			isa = XCSwiftPackageProductDependency;
			productName = WygShared;
		};
/* End XCSwiftPackageProductDependency section */
	};
	rootObject = 73CC91F928E91B8400F6A390 /* Project object */;
}
